// !$*UTF8*$!
{
	archiveVersion = 1;
	classes = {
	};
	objectVersion = 46;
	objects = {

/* Begin PBXBuildFile section */
		5567720C1A036B8B003A0F5D /* main.m in Sources */ = {isa = PBXBuildFile; fileRef = 5567720B1A036B8B003A0F5D /* main.m */; };
		5567720F1A036B8B003A0F5D /* AppDelegate.m in Sources */ = {isa = PBXBuildFile; fileRef = 5567720E1A036B8B003A0F5D /* AppDelegate.m */; };
		556772111A036B8B003A0F5D /* art.scnassets in Resources */ = {isa = PBXBuildFile; fileRef = 556772101A036B8B003A0F5D /* art.scnassets */; };
		556772141A036B8C003A0F5D /* GameViewController.m in Sources */ = {isa = PBXBuildFile; fileRef = 556772131A036B8C003A0F5D /* GameViewController.m */; };
		556772171A036B8C003A0F5D /* Main.storyboard in Resources */ = {isa = PBXBuildFile; fileRef = 556772151A036B8C003A0F5D /* Main.storyboard */; };
		556772191A036B8C003A0F5D /* Images.xcassets in Resources */ = {isa = PBXBuildFile; fileRef = 556772181A036B8C003A0F5D /* Images.xcassets */; };
		5567721C1A036B8C003A0F5D /* LaunchScreen.xib in Resources */ = {isa = PBXBuildFile; fileRef = 5567721A1A036B8C003A0F5D /* LaunchScreen.xib */; };
		556772281A036B8D003A0F5D /* test_scene_kit_1Tests.m in Sources */ = {isa = PBXBuildFile; fileRef = 556772271A036B8D003A0F5D /* test_scene_kit_1Tests.m */; };
/* End PBXBuildFile section */

/* Begin PBXContainerItemProxy section */
		556772221A036B8C003A0F5D /* PBXContainerItemProxy */ = {
			isa = PBXContainerItemProxy;
			containerPortal = 556771FE1A036B8A003A0F5D /* Project object */;
			proxyType = 1;
			remoteGlobalIDString = 556772051A036B8A003A0F5D;
			remoteInfo = "test scene kit 1";
		};
/* End PBXContainerItemProxy section */

/* Begin PBXFileReference section */
		556772061A036B8B003A0F5D /* test scene kit 1.app */ = {isa = PBXFileReference; explicitFileType = wrapper.application; includeInIndex = 0; path = "test scene kit 1.app"; sourceTree = BUILT_PRODUCTS_DIR; };
		5567720A1A036B8B003A0F5D /* Info.plist */ = {isa = PBXFileReference; lastKnownFileType = text.plist.xml; path = Info.plist; sourceTree = "<group>"; };
		5567720B1A036B8B003A0F5D /* main.m */ = {isa = PBXFileReference; lastKnownFileType = sourcecode.c.objc; path = main.m; sourceTree = "<group>"; };
		5567720D1A036B8B003A0F5D /* AppDelegate.h */ = {isa = PBXFileReference; lastKnownFileType = sourcecode.c.h; path = AppDelegate.h; sourceTree = "<group>"; };
		5567720E1A036B8B003A0F5D /* AppDelegate.m */ = {isa = PBXFileReference; lastKnownFileType = sourcecode.c.objc; path = AppDelegate.m; sourceTree = "<group>"; };
		556772101A036B8B003A0F5D /* art.scnassets */ = {isa = PBXFileReference; lastKnownFileType = wrapper.scnassets; path = art.scnassets; sourceTree = "<group>"; };
		556772121A036B8B003A0F5D /* GameViewController.h */ = {isa = PBXFileReference; lastKnownFileType = sourcecode.c.h; path = GameViewController.h; sourceTree = "<group>"; };
		556772131A036B8C003A0F5D /* GameViewController.m */ = {isa = PBXFileReference; lastKnownFileType = sourcecode.c.objc; path = GameViewController.m; sourceTree = "<group>"; };
		556772161A036B8C003A0F5D /* Base */ = {isa = PBXFileReference; lastKnownFileType = file.storyboard; name = Base; path = Base.lproj/Main.storyboard; sourceTree = "<group>"; };
		556772181A036B8C003A0F5D /* Images.xcassets */ = {isa = PBXFileReference; lastKnownFileType = folder.assetcatalog; path = Images.xcassets; sourceTree = "<group>"; };
		5567721B1A036B8C003A0F5D /* Base */ = {isa = PBXFileReference; lastKnownFileType = file.xib; name = Base; path = Base.lproj/LaunchScreen.xib; sourceTree = "<group>"; };
		556772211A036B8C003A0F5D /* test scene kit 1Tests.xctest */ = {isa = PBXFileReference; explicitFileType = wrapper.cfbundle; includeInIndex = 0; path = "test scene kit 1Tests.xctest"; sourceTree = BUILT_PRODUCTS_DIR; };
		556772261A036B8C003A0F5D /* Info.plist */ = {isa = PBXFileReference; lastKnownFileType = text.plist.xml; path = Info.plist; sourceTree = "<group>"; };
		556772271A036B8D003A0F5D /* test_scene_kit_1Tests.m */ = {isa = PBXFileReference; lastKnownFileType = sourcecode.c.objc; path = test_scene_kit_1Tests.m; sourceTree = "<group>"; };
/* End PBXFileReference section */

/* Begin PBXFrameworksBuildPhase section */
		556772031A036B8A003A0F5D /* Frameworks */ = {
			isa = PBXFrameworksBuildPhase;
			buildActionMask = 2147483647;
			files = (
			);
			runOnlyForDeploymentPostprocessing = 0;
		};
		5567721E1A036B8C003A0F5D /* Frameworks */ = {
			isa = PBXFrameworksBuildPhase;
			buildActionMask = 2147483647;
			files = (
			);
			runOnlyForDeploymentPostprocessing = 0;
		};
/* End PBXFrameworksBuildPhase section */

/* Begin PBXGroup section */
		556771FD1A036B8A003A0F5D = {
			isa = PBXGroup;
			children = (
				556772081A036B8B003A0F5D /* test scene kit 1 */,
				556772241A036B8C003A0F5D /* test scene kit 1Tests */,
				556772071A036B8B003A0F5D /* Products */,
			);
			sourceTree = "<group>";
		};
		556772071A036B8B003A0F5D /* Products */ = {
			isa = PBXGroup;
			children = (
				556772061A036B8B003A0F5D /* test scene kit 1.app */,
				556772211A036B8C003A0F5D /* test scene kit 1Tests.xctest */,
			);
			name = Products;
			sourceTree = "<group>";
		};
		556772081A036B8B003A0F5D /* test scene kit 1 */ = {
			isa = PBXGroup;
			children = (
				5567720D1A036B8B003A0F5D /* AppDelegate.h */,
				5567720E1A036B8B003A0F5D /* AppDelegate.m */,
				556772101A036B8B003A0F5D /* art.scnassets */,
				556772121A036B8B003A0F5D /* GameViewController.h */,
				556772131A036B8C003A0F5D /* GameViewController.m */,
				556772151A036B8C003A0F5D /* Main.storyboard */,
				556772181A036B8C003A0F5D /* Images.xcassets */,
				5567721A1A036B8C003A0F5D /* LaunchScreen.xib */,
				556772091A036B8B003A0F5D /* Supporting Files */,
			);
			path = "test scene kit 1";
			sourceTree = "<group>";
		};
		556772091A036B8B003A0F5D /* Supporting Files */ = {
			isa = PBXGroup;
			children = (
				5567720A1A036B8B003A0F5D /* Info.plist */,
				5567720B1A036B8B003A0F5D /* main.m */,
			);
			name = "Supporting Files";
			sourceTree = "<group>";
		};
		556772241A036B8C003A0F5D /* test scene kit 1Tests */ = {
			isa = PBXGroup;
			children = (
				556772271A036B8D003A0F5D /* test_scene_kit_1Tests.m */,
				556772251A036B8C003A0F5D /* Supporting Files */,
			);
			path = "test scene kit 1Tests";
			sourceTree = "<group>";
		};
		556772251A036B8C003A0F5D /* Supporting Files */ = {
			isa = PBXGroup;
			children = (
				556772261A036B8C003A0F5D /* Info.plist */,
			);
			name = "Supporting Files";
			sourceTree = "<group>";
		};
/* End PBXGroup section */

/* Begin PBXNativeTarget section */
		556772051A036B8A003A0F5D /* test scene kit 1 */ = {
			isa = PBXNativeTarget;
			buildConfigurationList = 5567722B1A036B8D003A0F5D /* Build configuration list for PBXNativeTarget "test scene kit 1" */;
			buildPhases = (
				556772021A036B8A003A0F5D /* Sources */,
				556772031A036B8A003A0F5D /* Frameworks */,
				556772041A036B8A003A0F5D /* Resources */,
			);
			buildRules = (
			);
			dependencies = (
			);
			name = "test scene kit 1";
			productName = "test scene kit 1";
			productReference = 556772061A036B8B003A0F5D /* test scene kit 1.app */;
			productType = "com.apple.product-type.application";
		};
		556772201A036B8C003A0F5D /* test scene kit 1Tests */ = {
			isa = PBXNativeTarget;
			buildConfigurationList = 5567722E1A036B8D003A0F5D /* Build configuration list for PBXNativeTarget "test scene kit 1Tests" */;
			buildPhases = (
				5567721D1A036B8C003A0F5D /* Sources */,
				5567721E1A036B8C003A0F5D /* Frameworks */,
				5567721F1A036B8C003A0F5D /* Resources */,
			);
			buildRules = (
			);
			dependencies = (
				556772231A036B8C003A0F5D /* PBXTargetDependency */,
			);
			name = "test scene kit 1Tests";
			productName = "test scene kit 1Tests";
			productReference = 556772211A036B8C003A0F5D /* test scene kit 1Tests.xctest */;
			productType = "com.apple.product-type.bundle.unit-test";
		};
/* End PBXNativeTarget section */

/* Begin PBXProject section */
		556771FE1A036B8A003A0F5D /* Project object */ = {
			isa = PBXProject;
			attributes = {
				LastUpgradeCheck = 0610;
				ORGANIZATIONNAME = "Big Sprite Games";
				TargetAttributes = {
					556772051A036B8A003A0F5D = {
						CreatedOnToolsVersion = 6.1;
					};
					556772201A036B8C003A0F5D = {
						CreatedOnToolsVersion = 6.1;
						TestTargetID = 556772051A036B8A003A0F5D;
					};
				};
			};
			buildConfigurationList = 556772011A036B8A003A0F5D /* Build configuration list for PBXProject "test scene kit 1" */;
			compatibilityVersion = "Xcode 3.2";
			developmentRegion = English;
			hasScannedForEncodings = 0;
			knownRegions = (
				en,
				Base,
			);
			mainGroup = 556771FD1A036B8A003A0F5D;
			productRefGroup = 556772071A036B8B003A0F5D /* Products */;
			projectDirPath = "";
			projectRoot = "";
			targets = (
				556772051A036B8A003A0F5D /* test scene kit 1 */,
				556772201A036B8C003A0F5D /* test scene kit 1Tests */,
			);
		};
/* End PBXProject section */

/* Begin PBXResourcesBuildPhase section */
		556772041A036B8A003A0F5D /* Resources */ = {
			isa = PBXResourcesBuildPhase;
			buildActionMask = 2147483647;
			files = (
				5567721C1A036B8C003A0F5D /* LaunchScreen.xib in Resources */,
				556772191A036B8C003A0F5D /* Images.xcassets in Resources */,
				556772111A036B8B003A0F5D /* art.scnassets in Resources */,
				556772171A036B8C003A0F5D /* Main.storyboard in Resources */,
			);
			runOnlyForDeploymentPostprocessing = 0;
		};
		5567721F1A036B8C003A0F5D /* Resources */ = {
			isa = PBXResourcesBuildPhase;
			buildActionMask = 2147483647;
			files = (
			);
			runOnlyForDeploymentPostprocessing = 0;
		};
/* End PBXResourcesBuildPhase section */

/* Begin PBXSourcesBuildPhase section */
		556772021A036B8A003A0F5D /* Sources */ = {
			isa = PBXSourcesBuildPhase;
			buildActionMask = 2147483647;
			files = (
				5567720F1A036B8B003A0F5D /* AppDelegate.m in Sources */,
				556772141A036B8C003A0F5D /* GameViewController.m in Sources */,
				5567720C1A036B8B003A0F5D /* main.m in Sources */,
			);
			runOnlyForDeploymentPostprocessing = 0;
		};
		5567721D1A036B8C003A0F5D /* Sources */ = {
			isa = PBXSourcesBuildPhase;
			buildActionMask = 2147483647;
			files = (
				556772281A036B8D003A0F5D /* test_scene_kit_1Tests.m in Sources */,
			);
			runOnlyForDeploymentPostprocessing = 0;
		};
/* End PBXSourcesBuildPhase section */

/* Begin PBXTargetDependency section */
		556772231A036B8C003A0F5D /* PBXTargetDependency */ = {
			isa = PBXTargetDependency;
			target = 556772051A036B8A003A0F5D /* test scene kit 1 */;
			targetProxy = 556772221A036B8C003A0F5D /* PBXContainerItemProxy */;
		};
/* End PBXTargetDependency section */

/* Begin PBXVariantGroup section */
		556772151A036B8C003A0F5D /* Main.storyboard */ = {
			isa = PBXVariantGroup;
			children = (
				556772161A036B8C003A0F5D /* Base */,
			);
			name = Main.storyboard;
			sourceTree = "<group>";
		};
		5567721A1A036B8C003A0F5D /* LaunchScreen.xib */ = {
			isa = PBXVariantGroup;
			children = (
				5567721B1A036B8C003A0F5D /* Base */,
			);
			name = LaunchScreen.xib;
			sourceTree = "<group>";
		};
/* End PBXVariantGroup section */

/* Begin XCBuildConfiguration section */
		556772291A036B8D003A0F5D /* Debug */ = {
			isa = XCBuildConfiguration;
			buildSettings = {
				ALWAYS_SEARCH_USER_PATHS = NO;
				CLANG_CXX_LANGUAGE_STANDARD = "gnu++0x";
				CLANG_CXX_LIBRARY = "libc++";
				CLANG_ENABLE_MODULES = YES;
				CLANG_ENABLE_OBJC_ARC = YES;
				CLANG_WARN_BOOL_CONVERSION = YES;
				CLANG_WARN_CONSTANT_CONVERSION = YES;
				CLANG_WARN_DIRECT_OBJC_ISA_USAGE = YES_ERROR;
				CLANG_WARN_EMPTY_BODY = YES;
				CLANG_WARN_ENUM_CONVERSION = YES;
				CLANG_WARN_INT_CONVERSION = YES;
				CLANG_WARN_OBJC_ROOT_CLASS = YES_ERROR;
				CLANG_WARN_UNREACHABLE_CODE = YES;
				CLANG_WARN__DUPLICATE_METHOD_MATCH = YES;
				"CODE_SIGN_IDENTITY[sdk=iphoneos*]" = "iPhone Developer";
				COPY_PHASE_STRIP = NO;
				ENABLE_STRICT_OBJC_MSGSEND = YES;
				GCC_C_LANGUAGE_STANDARD = gnu99;
				GCC_DYNAMIC_NO_PIC = NO;
				GCC_OPTIMIZATION_LEVEL = 0;
				GCC_PREPROCESSOR_DEFINITIONS = (
					"DEBUG=1",
					"$(inherited)",
				);
				GCC_SYMBOLS_PRIVATE_EXTERN = NO;
				GCC_WARN_64_TO_32_BIT_CONVERSION = YES;
				GCC_WARN_ABOUT_RETURN_TYPE = YES_ERROR;
				GCC_WARN_UNDECLARED_SELECTOR = YES;
				GCC_WARN_UNINITIALIZED_AUTOS = YES_AGGRESSIVE;
				GCC_WARN_UNUSED_FUNCTION = YES;
				GCC_WARN_UNUSED_VARIABLE = YES;
				IPHONEOS_DEPLOYMENT_TARGET = 8.1;
				MTL_ENABLE_DEBUG_INFO = YES;
				ONLY_ACTIVE_ARCH = YES;
				SDKROOT = iphoneos;
			};
			name = Debug;
		};
		5567722A1A036B8D003A0F5D /* Release */ = {
			isa = XCBuildConfiguration;
			buildSettings = {
				ALWAYS_SEARCH_USER_PATHS = NO;
				CLANG_CXX_LANGUAGE_STANDARD = "gnu++0x";
				CLANG_CXX_LIBRARY = "libc++";
				CLANG_ENABLE_MODULES = YES;
				CLANG_ENABLE_OBJC_ARC = YES;
				CLANG_WARN_BOOL_CONVERSION = YES;
				CLANG_WARN_CONSTANT_CONVERSION = YES;
				CLANG_WARN_DIRECT_OBJC_ISA_USAGE = YES_ERROR;
				CLANG_WARN_EMPTY_BODY = YES;
				CLANG_WARN_ENUM_CONVERSION = YES;
				CLANG_WARN_INT_CONVERSION = YES;
				CLANG_WARN_OBJC_ROOT_CLASS = YES_ERROR;
				CLANG_WARN_UNREACHABLE_CODE = YES;
				CLANG_WARN__DUPLICATE_METHOD_MATCH = YES;
				"CODE_SIGN_IDENTITY[sdk=iphoneos*]" = "iPhone Developer";
				COPY_PHASE_STRIP = YES;
				ENABLE_NS_ASSERTIONS = NO;
				ENABLE_STRICT_OBJC_MSGSEND = YES;
				GCC_C_LANGUAGE_STANDARD = gnu99;
				GCC_WARN_64_TO_32_BIT_CONVERSION = YES;
				GCC_WARN_ABOUT_RETURN_TYPE = YES_ERROR;
				GCC_WARN_UNDECLARED_SELECTOR = YES;
				GCC_WARN_UNINITIALIZED_AUTOS = YES_AGGRESSIVE;
				GCC_WARN_UNUSED_FUNCTION = YES;
				GCC_WARN_UNUSED_VARIABLE = YES;
				IPHONEOS_DEPLOYMENT_TARGET = 8.1;
				MTL_ENABLE_DEBUG_INFO = NO;
				SDKROOT = iphoneos;
				VALIDATE_PRODUCT = YES;
			};
			name = Release;
		};
		5567722C1A036B8D003A0F5D /* Debug */ = {
			isa = XCBuildConfiguration;
			buildSettings = {
				ASSETCATALOG_COMPILER_APPICON_NAME = AppIcon;
				INFOPLIST_FILE = "test scene kit 1/Info.plist";
				LD_RUNPATH_SEARCH_PATHS = "$(inherited) @executable_path/Frameworks";
				PRODUCT_NAME = "$(TARGET_NAME)";
			};
			name = Debug;
		};
		5567722D1A036B8D003A0F5D /* Release */ = {
			isa = XCBuildConfiguration;
			buildSettings = {
				ASSETCATALOG_COMPILER_APPICON_NAME = AppIcon;
				INFOPLIST_FILE = "test scene kit 1/Info.plist";
				LD_RUNPATH_SEARCH_PATHS = "$(inherited) @executable_path/Frameworks";
				PRODUCT_NAME = "$(TARGET_NAME)";
			};
			name = Release;
		};
		5567722F1A036B8D003A0F5D /* Debug */ = {
			isa = XCBuildConfiguration;
			buildSettings = {
				BUNDLE_LOADER = "$(TEST_HOST)";
				FRAMEWORK_SEARCH_PATHS = (
					"$(SDKROOT)/Developer/Library/Frameworks",
					"$(inherited)",
				);
				GCC_PREPROCESSOR_DEFINITIONS = (
					"DEBUG=1",
					"$(inherited)",
				);
				INFOPLIST_FILE = "test scene kit 1Tests/Info.plist";
				LD_RUNPATH_SEARCH_PATHS = "$(inherited) @executable_path/Frameworks @loader_path/Frameworks";
				PRODUCT_NAME = "$(TARGET_NAME)";
				TEST_HOST = "$(BUILT_PRODUCTS_DIR)/test scene kit 1.app/test scene kit 1";
			};
			name = Debug;
		};
		556772301A036B8D003A0F5D /* Release */ = {
			isa = XCBuildConfiguration;
			buildSettings = {
				BUNDLE_LOADER = "$(TEST_HOST)";
				FRAMEWORK_SEARCH_PATHS = (
					"$(SDKROOT)/Developer/Library/Frameworks",
					"$(inherited)",
				);
				INFOPLIST_FILE = "test scene kit 1Tests/Info.plist";
				LD_RUNPATH_SEARCH_PATHS = "$(inherited) @executable_path/Frameworks @loader_path/Frameworks";
				PRODUCT_NAME = "$(TARGET_NAME)";
				TEST_HOST = "$(BUILT_PRODUCTS_DIR)/test scene kit 1.app/test scene kit 1";
			};
			name = Release;
		};
/* End XCBuildConfiguration section */

/* Begin XCConfigurationList section */
		556772011A036B8A003A0F5D /* Build configuration list for PBXProject "test scene kit 1" */ = {
			isa = XCConfigurationList;
			buildConfigurations = (
				556772291A036B8D003A0F5D /* Debug */,
				5567722A1A036B8D003A0F5D /* Release */,
			);
			defaultConfigurationIsVisible = 0;
			defaultConfigurationName = Release;
		};
		5567722B1A036B8D003A0F5D /* Build configuration list for PBXNativeTarget "test scene kit 1" */ = {
			isa = XCConfigurationList;
			buildConfigurations = (
				5567722C1A036B8D003A0F5D /* Debug */,
				5567722D1A036B8D003A0F5D /* Release */,
			);
			defaultConfigurationIsVisible = 0;
		};
		5567722E1A036B8D003A0F5D /* Build configuration list for PBXNativeTarget "test scene kit 1Tests" */ = {
			isa = XCConfigurationList;
			buildConfigurations = (
				5567722F1A036B8D003A0F5D /* Debug */,
				556772301A036B8D003A0F5D /* Release */,
			);
			defaultConfigurationIsVisible = 0;
		};
/* End XCConfigurationList section */
	};
	rootObject = 556771FE1A036B8A003A0F5D /* Project object */;
}
